# This file is automatically @generated by Cargo.
# It is not intended for manual editing.
version = 3

[[package]]
name = "clip-to-mpv"
version = "0.3.0"
dependencies = [
 "clipboard-win",
]

[[package]]
name = "clipboard-win"
version = "5.3.1"
source = "registry+https://github.com/rust-lang/crates.io-index"
checksum = "79f4473f5144e20d9aceaf2972478f06ddf687831eafeeb434fbaf0acc4144ad"
dependencies = [
 "error-code",
]

[[package]]
name = "error-code"
version = "3.2.0"
source = "registry+https://github.com/rust-lang/crates.io-index"
checksum = "a0474425d51df81997e2f90a21591180b38eccf27292d755f3e30750225c175b"
